
Microsoft Visual Studio Solution File, Format Version 12.00
# Visual Studio 15
VisualStudioVersion = 15.0.27428.2037
MinimumVisualStudioVersion = 10.0.40219.1
Project("{2150E333-8FDC-42A3-9474-1A3956D46DE8}") = "IoC", "IoC", "{E339DA24-2005-4882-935F-8456F2032A7A}"
EndProject
Project("{2150E333-8FDC-42A3-9474-1A3956D46DE8}") = "Autofac", "Autofac", "{70193583-5747-4A37-BA3B-5AEF52DC0FFB}"
EndProject
Project("{9A19103F-16F7-4668-BE54-9A1E7A4F7556}") = "AutofacAOP", "IoC\Autofac\AutofacAOP\AutofacAOP.csproj", "{11186A54-CBF4-4E72-8AF6-B19F4F3E16F3}"
EndProject
Project("{2150E333-8FDC-42A3-9474-1A3956D46DE8}") = "SimpleInjector", "SimpleInjector", "{62E43865-98C9-4180-9BD3-0FB77FB14D64}"
EndProject
Project("{9A19103F-16F7-4668-BE54-9A1E7A4F7556}") = "SimpleInjectorAOP", "IoC\SimpleInjector\SimpleInjectorAOP\SimpleInjectorAOP.csproj", "{793261AA-8044-4897-93BE-03A2BE6FA44F}"
EndProject
Project("{2150E333-8FDC-42A3-9474-1A3956D46DE8}") = "Common", "Common", "{4E8DB142-C93E-4B40-9155-A35D7BD49C53}"
EndProject
Project("{2150E333-8FDC-42A3-9474-1A3956D46DE8}") = "Tests", "Tests", "{80964FC7-7F0A-4744-AD48-A3B5425DA83D}"
EndProject
Project("{FAE04EC0-301F-11D3-BF4B-00C04F79EFBC}") = "AopTests", "Tests\AopTests\AopTests.csproj", "{25870B0E-DDB1-4AE7-B380-47CC45EB6DE3}"
EndProject
Project("{9A19103F-16F7-4668-BE54-9A1E7A4F7556}") = "IoCContracts", "Common\IoCContracts\IoCContracts.csproj", "{6627EF26-C66D-4CAA-8651-4F382972143E}"
EndProject
Project("{9A19103F-16F7-4668-BE54-9A1E7A4F7556}") = "IoCImplementations", "Common\IoCImplementations\IoCImplementations.csproj", "{F66A1025-3ABD-4C17-922A-E13A9BB93FB5}"
EndProject
Project("{9A19103F-16F7-4668-BE54-9A1E7A4F7556}") = "DynamicAOP", "Common\DynamicAOP\DynamicAOP.csproj", "{B715EDC5-5C73-46EA-A987-DD5C00C08999}"
EndProject
Project("{2150E333-8FDC-42A3-9474-1A3956D46DE8}") = "LightInject", "LightInject", "{8EDA1B39-B9C4-4EBE-8CD0-97A20A84FD8D}"
EndProject
Project("{FAE04EC0-301F-11D3-BF4B-00C04F79EFBC}") = "LightInjectAOP", "IoC\LightInject\LightInjectAOP\LightInjectAOP.csproj", "{6084F530-912E-460A-9093-9B2EA7379535}"
EndProject
Project("{FAE04EC0-301F-11D3-BF4B-00C04F79EFBC}") = "StressCheck", "Tests\StressCheck\StressCheck.csproj", "{6DF7A003-0E30-4D1A-AE04-36A3AE90D63A}"
EndProject
Project("{FAE04EC0-301F-11D3-BF4B-00C04F79EFBC}") = "LightInjectAOP_Core", "LightInjectAOP_Core\LightInjectAOP_Core.csproj", "{35E919B7-A3B0-4A07-A412-C86959F62404}"
EndProject
Global
	GlobalSection(SolutionConfigurationPlatforms) = preSolution
		Debug|Any CPU = Debug|Any CPU
		Release|Any CPU = Release|Any CPU
	EndGlobalSection
	GlobalSection(ProjectConfigurationPlatforms) = postSolution
		{11186A54-CBF4-4E72-8AF6-B19F4F3E16F3}.Debug|Any CPU.ActiveCfg = Debug|Any CPU
		{11186A54-CBF4-4E72-8AF6-B19F4F3E16F3}.Debug|Any CPU.Build.0 = Debug|Any CPU
		{11186A54-CBF4-4E72-8AF6-B19F4F3E16F3}.Release|Any CPU.ActiveCfg = Release|Any CPU
		{11186A54-CBF4-4E72-8AF6-B19F4F3E16F3}.Release|Any CPU.Build.0 = Release|Any CPU
		{793261AA-8044-4897-93BE-03A2BE6FA44F}.Debug|Any CPU.ActiveCfg = Debug|Any CPU
		{793261AA-8044-4897-93BE-03A2BE6FA44F}.Debug|Any CPU.Build.0 = Debug|Any CPU
		{793261AA-8044-4897-93BE-03A2BE6FA44F}.Release|Any CPU.ActiveCfg = Release|Any CPU
		{793261AA-8044-4897-93BE-03A2BE6FA44F}.Release|Any CPU.Build.0 = Release|Any CPU
		{25870B0E-DDB1-4AE7-B380-47CC45EB6DE3}.Debug|Any CPU.ActiveCfg = Debug|Any CPU
		{25870B0E-DDB1-4AE7-B380-47CC45EB6DE3}.Debug|Any CPU.Build.0 = Debug|Any CPU
		{25870B0E-DDB1-4AE7-B380-47CC45EB6DE3}.Release|Any CPU.ActiveCfg = Release|Any CPU
		{25870B0E-DDB1-4AE7-B380-47CC45EB6DE3}.Release|Any CPU.Build.0 = Release|Any CPU
		{6627EF26-C66D-4CAA-8651-4F382972143E}.Debug|Any CPU.ActiveCfg = Debug|Any CPU
		{6627EF26-C66D-4CAA-8651-4F382972143E}.Debug|Any CPU.Build.0 = Debug|Any CPU
		{6627EF26-C66D-4CAA-8651-4F382972143E}.Release|Any CPU.ActiveCfg = Release|Any CPU
		{6627EF26-C66D-4CAA-8651-4F382972143E}.Release|Any CPU.Build.0 = Release|Any CPU
		{F66A1025-3ABD-4C17-922A-E13A9BB93FB5}.Debug|Any CPU.ActiveCfg = Debug|Any CPU
		{F66A1025-3ABD-4C17-922A-E13A9BB93FB5}.Debug|Any CPU.Build.0 = Debug|Any CPU
		{F66A1025-3ABD-4C17-922A-E13A9BB93FB5}.Release|Any CPU.ActiveCfg = Release|Any CPU
		{F66A1025-3ABD-4C17-922A-E13A9BB93FB5}.Release|Any CPU.Build.0 = Release|Any CPU
		{B715EDC5-5C73-46EA-A987-DD5C00C08999}.Debug|Any CPU.ActiveCfg = Debug|Any CPU
		{B715EDC5-5C73-46EA-A987-DD5C00C08999}.Debug|Any CPU.Build.0 = Debug|Any CPU
		{B715EDC5-5C73-46EA-A987-DD5C00C08999}.Release|Any CPU.ActiveCfg = Release|Any CPU
		{B715EDC5-5C73-46EA-A987-DD5C00C08999}.Release|Any CPU.Build.0 = Release|Any CPU
		{6084F530-912E-460A-9093-9B2EA7379535}.Debug|Any CPU.ActiveCfg = Debug|Any CPU
		{6084F530-912E-460A-9093-9B2EA7379535}.Debug|Any CPU.Build.0 = Debug|Any CPU
		{6084F530-912E-460A-9093-9B2EA7379535}.Release|Any CPU.ActiveCfg = Release|Any CPU
		{6084F530-912E-460A-9093-9B2EA7379535}.Release|Any CPU.Build.0 = Release|Any CPU
		{6DF7A003-0E30-4D1A-AE04-36A3AE90D63A}.Debug|Any CPU.ActiveCfg = Debug|Any CPU
		{6DF7A003-0E30-4D1A-AE04-36A3AE90D63A}.Debug|Any CPU.Build.0 = Debug|Any CPU
		{6DF7A003-0E30-4D1A-AE04-36A3AE90D63A}.Release|Any CPU.ActiveCfg = Release|Any CPU
		{6DF7A003-0E30-4D1A-AE04-36A3AE90D63A}.Release|Any CPU.Build.0 = Release|Any CPU
		{35E919B7-A3B0-4A07-A412-C86959F62404}.Debug|Any CPU.ActiveCfg = Debug|Any CPU
		{35E919B7-A3B0-4A07-A412-C86959F62404}.Debug|Any CPU.Build.0 = Debug|Any CPU
		{35E919B7-A3B0-4A07-A412-C86959F62404}.Release|Any CPU.ActiveCfg = Release|Any CPU
		{35E919B7-A3B0-4A07-A412-C86959F62404}.Release|Any CPU.Build.0 = Release|Any CPU
	EndGlobalSection
	GlobalSection(SolutionProperties) = preSolution
		HideSolutionNode = FALSE
	EndGlobalSection
	GlobalSection(NestedProjects) = preSolution
		{70193583-5747-4A37-BA3B-5AEF52DC0FFB} = {E339DA24-2005-4882-935F-8456F2032A7A}
		{11186A54-CBF4-4E72-8AF6-B19F4F3E16F3} = {70193583-5747-4A37-BA3B-5AEF52DC0FFB}
		{62E43865-98C9-4180-9BD3-0FB77FB14D64} = {E339DA24-2005-4882-935F-8456F2032A7A}
		{793261AA-8044-4897-93BE-03A2BE6FA44F} = {62E43865-98C9-4180-9BD3-0FB77FB14D64}
		{25870B0E-DDB1-4AE7-B380-47CC45EB6DE3} = {80964FC7-7F0A-4744-AD48-A3B5425DA83D}
		{6627EF26-C66D-4CAA-8651-4F382972143E} = {4E8DB142-C93E-4B40-9155-A35D7BD49C53}
		{F66A1025-3ABD-4C17-922A-E13A9BB93FB5} = {4E8DB142-C93E-4B40-9155-A35D7BD49C53}
		{B715EDC5-5C73-46EA-A987-DD5C00C08999} = {4E8DB142-C93E-4B40-9155-A35D7BD49C53}
		{8EDA1B39-B9C4-4EBE-8CD0-97A20A84FD8D} = {E339DA24-2005-4882-935F-8456F2032A7A}
		{6084F530-912E-460A-9093-9B2EA7379535} = {8EDA1B39-B9C4-4EBE-8CD0-97A20A84FD8D}
		{6DF7A003-0E30-4D1A-AE04-36A3AE90D63A} = {80964FC7-7F0A-4744-AD48-A3B5425DA83D}
		{35E919B7-A3B0-4A07-A412-C86959F62404} = {8EDA1B39-B9C4-4EBE-8CD0-97A20A84FD8D}
	EndGlobalSection
	GlobalSection(ExtensibilityGlobals) = postSolution
		SolutionGuid = {1CD1A52C-1934-4AFF-B5CE-000B457AF4CB}
	EndGlobalSection
EndGlobal
